lockfileVersion: '9.0'

settings:
  autoInstallPeers: true
  excludeLinksFromLockfile: false

importers:

  .:
    dependencies:
      oxc-parser:
        specifier: 0.153.0
        version: 0.153.0
      ts-pattern:
        specifier: ^5.6.2
        version: 5.9.0
    devDependencies:
      '@types/node':
        specifier: ^22.13.0
        version: 22.20.1
      typescript:
        specifier: ^5.7.3
        version: 5.9.3

packages:

  '@oxc-parser/binding-android-arm-eabi@0.153.0':
    resolution: {integrity: sha512-BcWu25dMwMjHpaDCEidmpAi7rGg1qZoihJeUUH9bD55pVZ0z4Wa5CQgqSTo0R41H81oozisQKW3WqvAN2m77IQ==}
    engines: {node: ^20.19.0 || >=22.12.0}
    cpu: [arm]
    os: [android]

  '@oxc-parser/binding-android-arm64@0.153.0':
    resolution: {integrity: sha512-9l5rdp2DhRqVriBHsNpu5cEf+hizZ4B58rt93HzyQEBUgZiC6qe2oFpaAAnXGCxHGnQExI1s7S2G0QhFacUZ6w==}
    engines: {node: ^20.19.0 || >=22.12.0}
    cpu: [arm64]
    os: [android]

  '@oxc-parser/binding-darwin-arm64@0.153.0':
    resolution: {integrity: sha512-EcpsyRXHhENDpekpG4QNaSZj2F/BAz4Gh4o89zZwNss86R8KyRSQ6sXbAj74Xyeb4z3j/yBZZ6joQZhraIWyfw==}
    engines: {node: ^20.19.0 || >=22.12.0}
    cpu: [arm64]
    os: [darwin]

  '@oxc-parser/binding-darwin-x64@0.153.0':
    resolution: {integrity: sha512-hlj80HUQy07/2lYp6rmxH+3u+H2ik3rjLR52CUdPApxmZCNxASDUf/+ykTzAHS/fehftmVMATKvPaWmuLHuasg==}
    engines: {node: ^20.19.0 || >=22.12.0}
    cpu: [x64]
    os: [darwin]

  '@oxc-parser/binding-freebsd-x64@0.153.0':
    resolution: {integrity: sha512-fWRcv2pMSh1qtez46MOu8vuUJ5fiaQZPHSphbWulbL7SHBMKfRgZl2PzjXZYQJbq7NEXyXbgIuIuUm+/Rmkv8w==}
    engines: {node: ^20.19.0 || >=22.12.0}
    cpu: [x64]
    os: [freebsd]

  '@oxc-parser/binding-linux-arm-gnueabihf@0.153.0':
    resolution: {integrity: sha512-paZeUK1GXShl/bOJQET1/8AQxayFeuN4SIWAkgTRxE7ZQwv9uYSB2n0648smygP22N7jcI3zxAm0Z+ALNiIKxg==}
    engines: {node: ^20.19.0 || >=22.12.0}
    cpu: [arm]
    os: [linux]

  '@oxc-parser/binding-linux-arm-musleabihf@0.153.0':
    resolution: {integrity: sha512-qFPp5NwMf4K1C0O+DCVGmcbOaYyYAq98Rvv9p4VSfb777iUwlJCqMUxf6QG9N5f5ls4TEX6LitOZHi+6GL6rYQ==}
    engines: {node: ^20.19.0 || >=22.12.0}
    cpu: [arm]
    os: [linux]

  '@oxc-parser/binding-linux-arm64-gnu@0.153.0':
    resolution: {integrity: sha512-oufEhZCX7saeo27Logra8cvBR1jQ/yw2zUI2hHmWw3qA/XYqEW31FOvLQBv7DWN32NjVdlcaP11WBBZTJo4k9g==}
    engines: {node: ^20.19.0 || >=22.12.0}
    cpu: [arm64]
    os: [linux]

  '@oxc-parser/binding-linux-arm64-musl@0.153.0':
    resolution: {integrity: sha512-zXYzuAqng85h6+LI3iRm0zeMLX1/K2z41ZAMWxVRgt0D10VvZUaV5q+TEB46KDhoKBpdexoTLC6QoB/EiP2oqQ==}
    engines: {node: ^20.19.0 || >=22.12.0}
    cpu: [arm64]
    os: [linux]

  '@oxc-parser/binding-linux-ppc64-gnu@0.153.0':
    resolution: {integrity: sha512-J7+NLwLEzdkKM9cKyPHH/AjXXstWOs98KYgLrPPnO4N9MO8EZRBfPNnBcS3S67uMOBkRpUmCl2FhRnWdQ5CbBA==}
    engines: {node: ^20.19.0 || >=22.12.0}
    cpu: [ppc64]
    os: [linux]

  '@oxc-parser/binding-linux-riscv64-gnu@0.153.0':
    resolution: {integrity: sha512-sD0K11GQTLWylln54nPMMTtgmBbQrR5It/vMpZpy/fogiw8O2AvIE+9LuWUXddrWk9zvFIHGRcSgFn4IHOfoYg==}
    engines: {node: ^20.19.0 || >=22.12.0}
    cpu: [riscv64]
    os: [linux]

  '@oxc-parser/binding-linux-riscv64-musl@0.153.0':
    resolution: {integrity: sha512-7L66uql2BhvSz51LwfExjOdn6et/ydTiQxl23VApdKzJhTc3TczA1Qt6VR/UcvlQrL2ZbytIJb447vh7p5wmUw==}
    engines: {node: ^20.19.0 || >=22.12.0}
    cpu: [riscv64]
    os: [linux]

  '@oxc-parser/binding-linux-s390x-gnu@0.153.0':
    resolution: {integrity: sha512-hXV3T7mNyrPR19rbPYkglkQJtoM/UNo/xwbZeeqdAxEg8PXgb4LXXuxPpGgI4bzRRCWwLUxdDSS58xIyC2u1TA==}
    engines: {node: ^20.19.0 || >=22.12.0}
    cpu: [s390x]
    os: [linux]

  '@oxc-parser/binding-linux-x64-gnu@0.153.0':
    resolution: {integrity: sha512-Da8Vqs1xdtoDYtEjmozD7wGgJeLBQkMbR0WUBECOSxodyX5DXy8ySlvJWbukyO2Q0+TM9EK+4LT6tbq0jCg4hQ==}
    engines: {node: ^20.19.0 || >=22.12.0}
    cpu: [x64]
    os: [linux]

  '@oxc-parser/binding-linux-x64-musl@0.153.0':
    resolution: {integrity: sha512-zGAPxNTIIw6X5WyTRscIFE/oDjpdNtrrl32ing6NOXdGjzRucadnxBilexLdeYQ9YxixF93GujpXyQ0jw7ddSg==}
    engines: {node: ^20.19.0 || >=22.12.0}
    cpu: [x64]
    os: [linux]

  '@oxc-parser/binding-openharmony-arm64@0.153.0':
    resolution: {integrity: sha512-GoHzpqP5XyPIp9DHokoEdCp+K4UPl/h1neFj1uXnUB3pJYyOQ7NOhFVOttNUgCGcj2eywAvu5cRivTOSq4S10g==}
    engines: {node: ^20.19.0 || >=22.12.0}
    cpu: [arm64]
    os: [openharmony]

  '@oxc-parser/binding-win32-arm64-msvc@0.153.0':
    resolution: {integrity: sha512-xGcy12tO9k7zFbeyQzEuilfWfQpyRq23/fLPfN3wjSWuWv58k46fQT1hsO1KFNykZuVGW9xSJE/z592TmAoSDA==}
    engines: {node: ^20.19.0 || >=22.12.0}
    cpu: [arm64]
    os: [win32]

  '@oxc-parser/binding-win32-ia32-msvc@0.153.0':
    resolution: {integrity: sha512-o1ykUjWncvXX6N5a4KebgLjtD8zRui+f1llMhSGoSC9oP2KOqapRpdwmZ3NcNG0axFouwVKmhGBjd+IhA8BksA==}
    engines: {node: ^20.19.0 || >=22.12.0}
    cpu: [ia32]
    os: [win32]

  '@oxc-parser/binding-win32-x64-msvc@0.153.0':
    resolution: {integrity: sha512-gxQz7G96Up136fd+2zWrP+o6FYGs9NO4Dyv55IoeJFJUDwLFHcLYY11hhA5wQKs0HoM57Q8esQ3nEVhnCdsjAQ==}
    engines: {node: ^20.19.0 || >=22.12.0}
    cpu: [x64]
    os: [win32]

  '@oxc-project/types@0.153.0':
    resolution: {integrity: sha512-jSNrRIyvPVLL5E1z/tS5zLAprosGz/FuI1PWwEOz59j3E4TTTzSpqKb/RDGqJhhW0QHYISGXxq582wGx6T11Tw==}

  '@types/node@22.20.1':
    resolution: {integrity: sha512-EANqOCF9QFyra+4pfxUcX9STKJpCLjMbObVzljIJomAWSnuSIEAvyzEU53GaajbXJEgdh0iEcPL+DGvpUd4k1Q==}

  oxc-parser@0.153.0:
    resolution: {integrity: sha512-cEnpyyV1OJRXv++SFNw0z8i+2o/cr88rVLaOYJafELDoHM5yHvCAbwGRLvxuany6SNLcbblSMUyZaGzH+quSYg==}
    engines: {node: ^20.19.0 || >=22.12.0}

  ts-pattern@5.9.0:
    resolution: {integrity: sha512-6s5V71mX8qBUmlgbrfL33xDUwO0fq48rxAu2LBE11WBeGdpCPOsXksQbZJHvHwhrd3QjUusd3mAOM5Gg0mFBLg==}

  typescript@5.9.3:
    resolution: {integrity: sha512-jl1vZzPDinLr9eUt3J/t7V6FgNEw9QjvBPdysz9KfQDD41fQrC2Y4vKQdiaUpFT4bXlb1RHhLpp8wtm6M5TgSw==}
    engines: {node: '>=14.17'}
    hasBin: true

  undici-types@6.21.0:
    resolution: {integrity: sha512-iwDZqg0QAGrg9Rav5H4n0M64c3mkR59cJ6wQp+7C4nI0gsmExaedaYLNO44eT4AtBBwjbTiGPMlt2Md0T9H9JQ==}

snapshots:

  '@oxc-parser/binding-android-arm-eabi@0.153.0':
    optional: true

  '@oxc-parser/binding-android-arm64@0.153.0':
    optional: true

  '@oxc-parser/binding-darwin-arm64@0.153.0':
    optional: true

  '@oxc-parser/binding-darwin-x64@0.153.0':
    optional: true

  '@oxc-parser/binding-freebsd-x64@0.153.0':
    optional: true

  '@oxc-parser/binding-linux-arm-gnueabihf@0.153.0':
    optional: true

  '@oxc-parser/binding-linux-arm-musleabihf@0.153.0':
    optional: true

  '@oxc-parser/binding-linux-arm64-gnu@0.153.0':
    optional: true

  '@oxc-parser/binding-linux-arm64-musl@0.153.0':
    optional: true

  '@oxc-parser/binding-linux-ppc64-gnu@0.153.0':
    optional: true

  '@oxc-parser/binding-linux-riscv64-gnu@0.153.0':
    optional: true

  '@oxc-parser/binding-linux-riscv64-musl@0.153.0':
    optional: true

  '@oxc-parser/binding-linux-s390x-gnu@0.153.0':
    optional: true

  '@oxc-parser/binding-linux-x64-gnu@0.153.0':
    optional: true

  '@oxc-parser/binding-linux-x64-musl@0.153.0':
    optional: true

  '@oxc-parser/binding-openharmony-arm64@0.153.0':
    optional: true

  '@oxc-parser/binding-win32-arm64-msvc@0.153.0':
    optional: true

  '@oxc-parser/binding-win32-ia32-msvc@0.153.0':
    optional: true

  '@oxc-parser/binding-win32-x64-msvc@0.153.0':
    optional: true

  '@oxc-project/types@0.153.0': {}

  '@types/node@22.20.1':
    dependencies:
      undici-types: 6.21.0

  oxc-parser@0.153.0:
    dependencies:
      '@oxc-project/types': 0.153.0
    optionalDependencies:
      '@oxc-parser/binding-android-arm-eabi': 0.153.0
      '@oxc-parser/binding-android-arm64': 0.153.0
      '@oxc-parser/binding-darwin-arm64': 0.153.0
      '@oxc-parser/binding-darwin-x64': 0.153.0
      '@oxc-parser/binding-freebsd-x64': 0.153.0
      '@oxc-parser/binding-linux-arm-gnueabihf': 0.153.0
      '@oxc-parser/binding-linux-arm-musleabihf': 0.153.0
      '@oxc-parser/binding-linux-arm64-gnu': 0.153.0
      '@oxc-parser/binding-linux-arm64-musl': 0.153.0
      '@oxc-parser/binding-linux-ppc64-gnu': 0.153.0
      '@oxc-parser/binding-linux-riscv64-gnu': 0.153.0
      '@oxc-parser/binding-linux-riscv64-musl': 0.153.0
      '@oxc-parser/binding-linux-s390x-gnu': 0.153.0
      '@oxc-parser/binding-linux-x64-gnu': 0.153.0
      '@oxc-parser/binding-linux-x64-musl': 0.153.0
      '@oxc-parser/binding-openharmony-arm64': 0.153.0
      '@oxc-parser/binding-win32-arm64-msvc': 0.153.0
      '@oxc-parser/binding-win32-ia32-msvc': 0.153.0
      '@oxc-parser/binding-win32-x64-msvc': 0.153.0

  ts-pattern@5.9.0: {}

  typescript@5.9.3: {}

  undici-types@6.21.0: {}
